
Microsoft Visual Studio Solution File, Format Version 12.00
Project("{FAE04EC0-301F-11D3-BF4B-00C04F79EFBC}") = "b241202003", "b241202003\b241202003.csproj", "{B5067B6D-856F-49F1-A192-443397AEDB02}"
EndProject
Global
	GlobalSection(SolutionConfigurationPlatforms) = preSolution
		Debug|Any CPU = Debug|Any CPU
		Release|Any CPU = Release|Any CPU
	EndGlobalSection
	GlobalSection(ProjectConfigurationPlatforms) = postSolution
		{B5067B6D-856F-49F1-A192-443397AEDB02}.Debug|Any CPU.ActiveCfg = Debug|Any CPU
		{B5067B6D-856F-49F1-A192-443397AEDB02}.Debug|Any CPU.Build.0 = Debug|Any CPU
		{B5067B6D-856F-49F1-A192-443397AEDB02}.Release|Any CPU.ActiveCfg = Release|Any CPU
		{B5067B6D-856F-49F1-A192-443397AEDB02}.Release|Any CPU.Build.0 = Release|Any CPU
	EndGlobalSection
EndGlobal
